
Microsoft Visual Studio Solution File, Format Version 12.00
# Visual Studio Version 16
VisualStudioVersion = 16.0.31005.135
MinimumVisualStudioVersion = 10.0.40219.1
Project("{9A19103F-16F7-4668-BE54-9A1E7A4F7556}") = "FA.Web", "FA.Web\FA.Web.csproj", "{E8381D7B-25B7-424E-9C10-E4B7997B5C7F}"
EndProject
Project("{9A19103F-16F7-4668-BE54-9A1E7A4F7556}") = "FA.Data", "..\FA.Data\FA.Data.csproj", "{80AEFC4C-508E-47BD-8A90-7C6F3CB9478C}"
EndProject
Project("{9A19103F-16F7-4668-BE54-9A1E7A4F7556}") = "FA.Core", "..\FA.Core\FA.Core.csproj", "{F8DC9BC1-6F87-4B68-BCF7-711C49806534}"
EndProject
Project("{9A19103F-16F7-4668-BE54-9A1E7A4F7556}") = "FA.Services", "..\FA.Services\FA.Services.csproj", "{6EDF699E-ACC8-411D-BF4C-CC9C9A33603B}"
EndProject
Project("{9A19103F-16F7-4668-BE54-9A1E7A4F7556}") = "SyncfusionWebApplication1", "..\SyncfusionWebApplication1\SyncfusionWebApplication1\SyncfusionWebApplication1.csproj", "{2369627D-AED2-4795-9DD2-B77FE338E687}"
EndProject
Global
	GlobalSection(SolutionConfigurationPlatforms) = preSolution
		Debug|Any CPU = Debug|Any CPU
		Release|Any CPU = Release|Any CPU
	EndGlobalSection
	GlobalSection(ProjectConfigurationPlatforms) = postSolution
		{E8381D7B-25B7-424E-9C10-E4B7997B5C7F}.Debug|Any CPU.ActiveCfg = Debug|Any CPU
		{E8381D7B-25B7-424E-9C10-E4B7997B5C7F}.Debug|Any CPU.Build.0 = Debug|Any CPU
		{E8381D7B-25B7-424E-9C10-E4B7997B5C7F}.Release|Any CPU.ActiveCfg = Release|Any CPU
		{E8381D7B-25B7-424E-9C10-E4B7997B5C7F}.Release|Any CPU.Build.0 = Release|Any CPU
		{80AEFC4C-508E-47BD-8A90-7C6F3CB9478C}.Debug|Any CPU.ActiveCfg = Debug|Any CPU
		{80AEFC4C-508E-47BD-8A90-7C6F3CB9478C}.Debug|Any CPU.Build.0 = Debug|Any CPU
		{80AEFC4C-508E-47BD-8A90-7C6F3CB9478C}.Release|Any CPU.ActiveCfg = Release|Any CPU
		{80AEFC4C-508E-47BD-8A90-7C6F3CB9478C}.Release|Any CPU.Build.0 = Release|Any CPU
		{F8DC9BC1-6F87-4B68-BCF7-711C49806534}.Debug|Any CPU.ActiveCfg = Debug|Any CPU
		{F8DC9BC1-6F87-4B68-BCF7-711C49806534}.Debug|Any CPU.Build.0 = Debug|Any CPU
		{F8DC9BC1-6F87-4B68-BCF7-711C49806534}.Release|Any CPU.ActiveCfg = Release|Any CPU
		{F8DC9BC1-6F87-4B68-BCF7-711C49806534}.Release|Any CPU.Build.0 = Release|Any CPU
		{6EDF699E-ACC8-411D-BF4C-CC9C9A33603B}.Debug|Any CPU.ActiveCfg = Debug|Any CPU
		{6EDF699E-ACC8-411D-BF4C-CC9C9A33603B}.Debug|Any CPU.Build.0 = Debug|Any CPU
		{6EDF699E-ACC8-411D-BF4C-CC9C9A33603B}.Release|Any CPU.ActiveCfg = Release|Any CPU
		{6EDF699E-ACC8-411D-BF4C-CC9C9A33603B}.Release|Any CPU.Build.0 = Release|Any CPU
		{2369627D-AED2-4795-9DD2-B77FE338E687}.Debug|Any CPU.ActiveCfg = Debug|Any CPU
		{2369627D-AED2-4795-9DD2-B77FE338E687}.Debug|Any CPU.Build.0 = Debug|Any CPU
		{2369627D-AED2-4795-9DD2-B77FE338E687}.Release|Any CPU.ActiveCfg = Release|Any CPU
		{2369627D-AED2-4795-9DD2-B77FE338E687}.Release|Any CPU.Build.0 = Release|Any CPU
	EndGlobalSection
	GlobalSection(SolutionProperties) = preSolution
		HideSolutionNode = FALSE
	EndGlobalSection
	GlobalSection(ExtensibilityGlobals) = postSolution
		SolutionGuid = {0E50AFF5-FB1D-4D94-A5ED-3A747AA231D7}
	EndGlobalSection
EndGlobal
