
Microsoft Visual Studio Solution File, Format Version 12.00
# Visual Studio Version 16
VisualStudioVersion = 16.0.31005.135
MinimumVisualStudioVersion = 10.0.40219.1
Project("{9A19103F-16F7-4668-BE54-9A1E7A4F7556}") = "FA.Web", "FA.Web\FA.Web.csproj", "{E8381D7B-25B7-424E-9C10-E4B7997B5C7F}"
EndProject
Project("{9A19103F-16F7-4668-BE54-9A1E7A4F7556}") = "FA.Core", "FA.Core\FA.Core.csproj", "{1FA7378F-7F37-4611-8CF3-D1FC40676B23}"
EndProject
Project("{9A19103F-16F7-4668-BE54-9A1E7A4F7556}") = "FA.Data", "FA.Data\FA.Data.csproj", "{57CF0E4A-1AA9-4CB8-9E65-7D52E545600D}"
EndProject
Project("{9A19103F-16F7-4668-BE54-9A1E7A4F7556}") = "FA.Services", "FA.Services\FA.Services.csproj", "{FBC9EAAF-53F4-4E94-9BC9-77AC7E6769C2}"
EndProject
Global
	GlobalSection(SolutionConfigurationPlatforms) = preSolution
		Debug|Any CPU = Debug|Any CPU
		Release|Any CPU = Release|Any CPU
	EndGlobalSection
	GlobalSection(ProjectConfigurationPlatforms) = postSolution
		{E8381D7B-25B7-424E-9C10-E4B7997B5C7F}.Debug|Any CPU.ActiveCfg = Debug|Any CPU
		{E8381D7B-25B7-424E-9C10-E4B7997B5C7F}.Debug|Any CPU.Build.0 = Debug|Any CPU
		{E8381D7B-25B7-424E-9C10-E4B7997B5C7F}.Release|Any CPU.ActiveCfg = Release|Any CPU
		{E8381D7B-25B7-424E-9C10-E4B7997B5C7F}.Release|Any CPU.Build.0 = Release|Any CPU
		{1FA7378F-7F37-4611-8CF3-D1FC40676B23}.Debug|Any CPU.ActiveCfg = Debug|Any CPU
		{1FA7378F-7F37-4611-8CF3-D1FC40676B23}.Debug|Any CPU.Build.0 = Debug|Any CPU
		{1FA7378F-7F37-4611-8CF3-D1FC40676B23}.Release|Any CPU.ActiveCfg = Release|Any CPU
		{1FA7378F-7F37-4611-8CF3-D1FC40676B23}.Release|Any CPU.Build.0 = Release|Any CPU
		{57CF0E4A-1AA9-4CB8-9E65-7D52E545600D}.Debug|Any CPU.ActiveCfg = Debug|Any CPU
		{57CF0E4A-1AA9-4CB8-9E65-7D52E545600D}.Debug|Any CPU.Build.0 = Debug|Any CPU
		{57CF0E4A-1AA9-4CB8-9E65-7D52E545600D}.Release|Any CPU.ActiveCfg = Release|Any CPU
		{57CF0E4A-1AA9-4CB8-9E65-7D52E545600D}.Release|Any CPU.Build.0 = Release|Any CPU
		{FBC9EAAF-53F4-4E94-9BC9-77AC7E6769C2}.Debug|Any CPU.ActiveCfg = Debug|Any CPU
		{FBC9EAAF-53F4-4E94-9BC9-77AC7E6769C2}.Debug|Any CPU.Build.0 = Debug|Any CPU
		{FBC9EAAF-53F4-4E94-9BC9-77AC7E6769C2}.Release|Any CPU.ActiveCfg = Release|Any CPU
		{FBC9EAAF-53F4-4E94-9BC9-77AC7E6769C2}.Release|Any CPU.Build.0 = Release|Any CPU
	EndGlobalSection
	GlobalSection(SolutionProperties) = preSolution
		HideSolutionNode = FALSE
	EndGlobalSection
	GlobalSection(ExtensibilityGlobals) = postSolution
		SolutionGuid = {0E50AFF5-FB1D-4D94-A5ED-3A747AA231D7}
	EndGlobalSection
EndGlobal
